{
  "name": "@bit/marccoet.toile.nuds-layout-primitives",
  "version": "0.0.3",
  "lockfileVersion": 1,
  "requires": true,
  "dependencies": {
    "@bit/marccoet.toile.use-resize-observer": {
      "version": "0.0.3",
      "resolved": "https://node.bit.dev/marccoet.toile.use-resize-observer/-/marccoet.toile.use-resize-observer-0.0.3.tgz",
      "integrity": "sha1-5aImOmJFryDxG9XSxkzICoI54l8="
    }
  }
}
